
Microsoft Visual Studio Solution File, Format Version 12.00
# Visual Studio Version 17
VisualStudioVersion = 17.5.002.0
MinimumVisualStudioVersion = 10.0.40219.1
Project("{9A19103F-16F7-4668-BE54-9A1E7A4F7556}") = "MvcGooodBoooks", "MvcGooodBoooks.csproj", "{5CE23E32-07B8-48F9-9F79-5F7C1DD991AC}"
EndProject
Global
	GlobalSection(SolutionConfigurationPlatforms) = preSolution
		Debug|Any CPU = Debug|Any CPU
		Release|Any CPU = Release|Any CPU
	EndGlobalSection
	GlobalSection(ProjectConfigurationPlatforms) = postSolution
		{5CE23E32-07B8-48F9-9F79-5F7C1DD991AC}.Debug|Any CPU.ActiveCfg = Debug|Any CPU
		{5CE23E32-07B8-48F9-9F79-5F7C1DD991AC}.Debug|Any CPU.Build.0 = Debug|Any CPU
		{5CE23E32-07B8-48F9-9F79-5F7C1DD991AC}.Release|Any CPU.ActiveCfg = Release|Any CPU
		{5CE23E32-07B8-48F9-9F79-5F7C1DD991AC}.Release|Any CPU.Build.0 = Release|Any CPU
	EndGlobalSection
	GlobalSection(SolutionProperties) = preSolution
		HideSolutionNode = FALSE
	EndGlobalSection
	GlobalSection(ExtensibilityGlobals) = postSolution
		SolutionGuid = {5A46139D-0847-49E0-A29E-3E497D236C32}
	EndGlobalSection
EndGlobal
